
Microsoft Visual Studio Solution File, Format Version 12.00
# Visual Studio Version 16
VisualStudioVersion = 16.0.31829.152
MinimumVisualStudioVersion = 10.0.40219.1
Project("{FAE04EC0-301F-11D3-BF4B-00C04F79EFBC}") = "ExercicioBiblioteca", "ExercicioBiblioteca.csproj", "{5F93E861-C93B-49D9-94E3-316AF5DD8A28}"
EndProject
Global
	GlobalSection(SolutionConfigurationPlatforms) = preSolution
		Debug|Any CPU = Debug|Any CPU
		Release|Any CPU = Release|Any CPU
	EndGlobalSection
	GlobalSection(ProjectConfigurationPlatforms) = postSolution
		{5F93E861-C93B-49D9-94E3-316AF5DD8A28}.Debug|Any CPU.ActiveCfg = Debug|Any CPU
		{5F93E861-C93B-49D9-94E3-316AF5DD8A28}.Debug|Any CPU.Build.0 = Debug|Any CPU
		{5F93E861-C93B-49D9-94E3-316AF5DD8A28}.Release|Any CPU.ActiveCfg = Release|Any CPU
		{5F93E861-C93B-49D9-94E3-316AF5DD8A28}.Release|Any CPU.Build.0 = Release|Any CPU
	EndGlobalSection
	GlobalSection(SolutionProperties) = preSolution
		HideSolutionNode = FALSE
	EndGlobalSection
	GlobalSection(ExtensibilityGlobals) = postSolution
		SolutionGuid = {E7DE9DED-1405-45AA-AE05-2B36290611A5}
	EndGlobalSection
EndGlobal
